
Microsoft Visual Studio Solution File, Format Version 12.00
# Visual Studio 2012
Project("{FAE04EC0-301F-11D3-BF4B-00C04F79EFBC}") = "Projet_enonce1", "Projet_enonce1\Projet_enonce1.csproj", "{F7D426EC-DEF1-4911-AE7F-059920BED4F2}"
EndProject
Project("{FAE04EC0-301F-11D3-BF4B-00C04F79EFBC}") = "TP_enonce2", "TP_enonce2\TP_enonce2.csproj", "{0087412C-26FE-4633-BA47-6FCEE5B6A3B1}"
EndProject
Project("{FAE04EC0-301F-11D3-BF4B-00C04F79EFBC}") = "TP_enonce3", "TP_enonce3\TP_enonce3.csproj", "{7E017687-27B2-46C7-BA2D-DF4F5AF99E0B}"
EndProject
Project("{FAE04EC0-301F-11D3-BF4B-00C04F79EFBC}") = "TP_enonce4", "TP_enonce4\TP_enonce4.csproj", "{6EAB7362-C30C-4807-A1EE-6ACE9A3C24F0}"
EndProject
Global
	GlobalSection(SolutionConfigurationPlatforms) = preSolution
		Debug|Any CPU = Debug|Any CPU
		Release|Any CPU = Release|Any CPU
	EndGlobalSection
	GlobalSection(ProjectConfigurationPlatforms) = postSolution
		{F7D426EC-DEF1-4911-AE7F-059920BED4F2}.Debug|Any CPU.ActiveCfg = Debug|Any CPU
		{F7D426EC-DEF1-4911-AE7F-059920BED4F2}.Debug|Any CPU.Build.0 = Debug|Any CPU
		{F7D426EC-DEF1-4911-AE7F-059920BED4F2}.Release|Any CPU.ActiveCfg = Release|Any CPU
		{F7D426EC-DEF1-4911-AE7F-059920BED4F2}.Release|Any CPU.Build.0 = Release|Any CPU
		{0087412C-26FE-4633-BA47-6FCEE5B6A3B1}.Debug|Any CPU.ActiveCfg = Debug|Any CPU
		{0087412C-26FE-4633-BA47-6FCEE5B6A3B1}.Debug|Any CPU.Build.0 = Debug|Any CPU
		{0087412C-26FE-4633-BA47-6FCEE5B6A3B1}.Release|Any CPU.ActiveCfg = Release|Any CPU
		{0087412C-26FE-4633-BA47-6FCEE5B6A3B1}.Release|Any CPU.Build.0 = Release|Any CPU
		{7E017687-27B2-46C7-BA2D-DF4F5AF99E0B}.Debug|Any CPU.ActiveCfg = Debug|Any CPU
		{7E017687-27B2-46C7-BA2D-DF4F5AF99E0B}.Debug|Any CPU.Build.0 = Debug|Any CPU
		{7E017687-27B2-46C7-BA2D-DF4F5AF99E0B}.Release|Any CPU.ActiveCfg = Release|Any CPU
		{7E017687-27B2-46C7-BA2D-DF4F5AF99E0B}.Release|Any CPU.Build.0 = Release|Any CPU
		{6EAB7362-C30C-4807-A1EE-6ACE9A3C24F0}.Debug|Any CPU.ActiveCfg = Debug|Any CPU
		{6EAB7362-C30C-4807-A1EE-6ACE9A3C24F0}.Debug|Any CPU.Build.0 = Debug|Any CPU
		{6EAB7362-C30C-4807-A1EE-6ACE9A3C24F0}.Release|Any CPU.ActiveCfg = Release|Any CPU
		{6EAB7362-C30C-4807-A1EE-6ACE9A3C24F0}.Release|Any CPU.Build.0 = Release|Any CPU
	EndGlobalSection
	GlobalSection(SolutionProperties) = preSolution
		HideSolutionNode = FALSE
	EndGlobalSection
EndGlobal
