
Microsoft Visual Studio Solution File, Format Version 12.00
# Visual Studio 15
VisualStudioVersion = 15.0.28010.2041
MinimumVisualStudioVersion = 10.0.40219.1
Project("{FAE04EC0-301F-11D3-BF4B-00C04F79EFBC}") = "Transition", "Transition\Transition.csproj", "{221A79EC-4BBB-4846-82D2-8DB2A1801BC6}"
EndProject
Global
	GlobalSection(SolutionConfigurationPlatforms) = preSolution
		Debug|Any CPU = Debug|Any CPU
		Release|Any CPU = Release|Any CPU
	EndGlobalSection
	GlobalSection(ProjectConfigurationPlatforms) = postSolution
		{221A79EC-4BBB-4846-82D2-8DB2A1801BC6}.Debug|Any CPU.ActiveCfg = Debug|Any CPU
		{221A79EC-4BBB-4846-82D2-8DB2A1801BC6}.Debug|Any CPU.Build.0 = Debug|Any CPU
		{221A79EC-4BBB-4846-82D2-8DB2A1801BC6}.Release|Any CPU.ActiveCfg = Release|Any CPU
		{221A79EC-4BBB-4846-82D2-8DB2A1801BC6}.Release|Any CPU.Build.0 = Release|Any CPU
	EndGlobalSection
	GlobalSection(SolutionProperties) = preSolution
		HideSolutionNode = FALSE
	EndGlobalSection
	GlobalSection(ExtensibilityGlobals) = postSolution
		SolutionGuid = {5833FD70-44C4-4BCF-98B8-157FE4240EEA}
	EndGlobalSection
EndGlobal
