
Microsoft Visual Studio Solution File, Format Version 12.00
# Visual Studio 15
VisualStudioVersion = 15.0.26730.16
MinimumVisualStudioVersion = 10.0.40219.1
Project("{FAE04EC0-301F-11D3-BF4B-00C04F79EFBC}") = "enonce1", "enonce1\enonce1.csproj", "{3933D5FA-4770-495F-AF57-2B57031C6597}"
EndProject
Project("{FAE04EC0-301F-11D3-BF4B-00C04F79EFBC}") = "enonce2", "enonce2\enonce2.csproj", "{8D5DE22F-C68F-4C8F-93B4-37FC5A6ADEBA}"
EndProject
Project("{FAE04EC0-301F-11D3-BF4B-00C04F79EFBC}") = "enonce3", "enonce3\enonce3.csproj", "{05834C92-B420-457E-9B77-92C309006EAF}"
EndProject
Project("{FAE04EC0-301F-11D3-BF4B-00C04F79EFBC}") = "enonce4_tri_tableau", "enonce4_tri_tableau\enonce4_tri_tableau.csproj", "{38A8CFCB-165C-46A7-841E-5697EA43CBA1}"
EndProject
Project("{FAE04EC0-301F-11D3-BF4B-00C04F79EFBC}") = "enonce5_palindrome", "enonce5_palindrome\enonce5_palindrome.csproj", "{1C8958A4-458F-4659-A234-A59D6DE43D27}"
EndProject
Project("{FAE04EC0-301F-11D3-BF4B-00C04F79EFBC}") = "enonce6_jeu_du_pendu", "enonce6_jeu_du_pendu\enonce6_jeu_du_pendu.csproj", "{033DAC90-B8F4-4944-8911-C9640B33E7A4}"
EndProject
Project("{FAE04EC0-301F-11D3-BF4B-00C04F79EFBC}") = "affichage_table_ASCII", "affichage_table_ASCII\affichage_table_ASCII.csproj", "{CD1CE475-5E05-48C5-908C-47BB6C76C8A4}"
EndProject
Project("{FAE04EC0-301F-11D3-BF4B-00C04F79EFBC}") = "jeu_pendu_avc_tableau", "jeu_pendu_avc_tableau\jeu_pendu_avc_tableau.csproj", "{8EB966CC-BE32-4B7D-86AB-3FC8498CC589}"
EndProject
Project("{FAE04EC0-301F-11D3-BF4B-00C04F79EFBC}") = "recherche_prenom", "recherche_prenom\recherche_prenom.csproj", "{78940311-E523-49CD-8EF9-397734F952B4}"
EndProject
Project("{FAE04EC0-301F-11D3-BF4B-00C04F79EFBC}") = "testcolor", "testcolor\testcolor.csproj", "{8D84B867-A8A0-4FDC-943B-734614401581}"
EndProject
Project("{FAE04EC0-301F-11D3-BF4B-00C04F79EFBC}") = "Date", "Date\Date.csproj", "{02DAEEC3-DB7B-4362-A6C6-B58360423CC8}"
EndProject
Global
	GlobalSection(SolutionConfigurationPlatforms) = preSolution
		Debug|Any CPU = Debug|Any CPU
		Release|Any CPU = Release|Any CPU
	EndGlobalSection
	GlobalSection(ProjectConfigurationPlatforms) = postSolution
		{3933D5FA-4770-495F-AF57-2B57031C6597}.Debug|Any CPU.ActiveCfg = Debug|Any CPU
		{3933D5FA-4770-495F-AF57-2B57031C6597}.Debug|Any CPU.Build.0 = Debug|Any CPU
		{3933D5FA-4770-495F-AF57-2B57031C6597}.Release|Any CPU.ActiveCfg = Release|Any CPU
		{3933D5FA-4770-495F-AF57-2B57031C6597}.Release|Any CPU.Build.0 = Release|Any CPU
		{8D5DE22F-C68F-4C8F-93B4-37FC5A6ADEBA}.Debug|Any CPU.ActiveCfg = Debug|Any CPU
		{8D5DE22F-C68F-4C8F-93B4-37FC5A6ADEBA}.Debug|Any CPU.Build.0 = Debug|Any CPU
		{8D5DE22F-C68F-4C8F-93B4-37FC5A6ADEBA}.Release|Any CPU.ActiveCfg = Release|Any CPU
		{8D5DE22F-C68F-4C8F-93B4-37FC5A6ADEBA}.Release|Any CPU.Build.0 = Release|Any CPU
		{05834C92-B420-457E-9B77-92C309006EAF}.Debug|Any CPU.ActiveCfg = Debug|Any CPU
		{05834C92-B420-457E-9B77-92C309006EAF}.Debug|Any CPU.Build.0 = Debug|Any CPU
		{05834C92-B420-457E-9B77-92C309006EAF}.Release|Any CPU.ActiveCfg = Release|Any CPU
		{05834C92-B420-457E-9B77-92C309006EAF}.Release|Any CPU.Build.0 = Release|Any CPU
		{38A8CFCB-165C-46A7-841E-5697EA43CBA1}.Debug|Any CPU.ActiveCfg = Debug|Any CPU
		{38A8CFCB-165C-46A7-841E-5697EA43CBA1}.Debug|Any CPU.Build.0 = Debug|Any CPU
		{38A8CFCB-165C-46A7-841E-5697EA43CBA1}.Release|Any CPU.ActiveCfg = Release|Any CPU
		{38A8CFCB-165C-46A7-841E-5697EA43CBA1}.Release|Any CPU.Build.0 = Release|Any CPU
		{1C8958A4-458F-4659-A234-A59D6DE43D27}.Debug|Any CPU.ActiveCfg = Debug|Any CPU
		{1C8958A4-458F-4659-A234-A59D6DE43D27}.Debug|Any CPU.Build.0 = Debug|Any CPU
		{1C8958A4-458F-4659-A234-A59D6DE43D27}.Release|Any CPU.ActiveCfg = Release|Any CPU
		{1C8958A4-458F-4659-A234-A59D6DE43D27}.Release|Any CPU.Build.0 = Release|Any CPU
		{033DAC90-B8F4-4944-8911-C9640B33E7A4}.Debug|Any CPU.ActiveCfg = Debug|Any CPU
		{033DAC90-B8F4-4944-8911-C9640B33E7A4}.Debug|Any CPU.Build.0 = Debug|Any CPU
		{033DAC90-B8F4-4944-8911-C9640B33E7A4}.Release|Any CPU.ActiveCfg = Release|Any CPU
		{033DAC90-B8F4-4944-8911-C9640B33E7A4}.Release|Any CPU.Build.0 = Release|Any CPU
		{CD1CE475-5E05-48C5-908C-47BB6C76C8A4}.Debug|Any CPU.ActiveCfg = Debug|Any CPU
		{CD1CE475-5E05-48C5-908C-47BB6C76C8A4}.Debug|Any CPU.Build.0 = Debug|Any CPU
		{CD1CE475-5E05-48C5-908C-47BB6C76C8A4}.Release|Any CPU.ActiveCfg = Release|Any CPU
		{CD1CE475-5E05-48C5-908C-47BB6C76C8A4}.Release|Any CPU.Build.0 = Release|Any CPU
		{8EB966CC-BE32-4B7D-86AB-3FC8498CC589}.Debug|Any CPU.ActiveCfg = Debug|Any CPU
		{8EB966CC-BE32-4B7D-86AB-3FC8498CC589}.Debug|Any CPU.Build.0 = Debug|Any CPU
		{8EB966CC-BE32-4B7D-86AB-3FC8498CC589}.Release|Any CPU.ActiveCfg = Release|Any CPU
		{8EB966CC-BE32-4B7D-86AB-3FC8498CC589}.Release|Any CPU.Build.0 = Release|Any CPU
		{78940311-E523-49CD-8EF9-397734F952B4}.Debug|Any CPU.ActiveCfg = Debug|Any CPU
		{78940311-E523-49CD-8EF9-397734F952B4}.Debug|Any CPU.Build.0 = Debug|Any CPU
		{78940311-E523-49CD-8EF9-397734F952B4}.Release|Any CPU.ActiveCfg = Release|Any CPU
		{78940311-E523-49CD-8EF9-397734F952B4}.Release|Any CPU.Build.0 = Release|Any CPU
		{8D84B867-A8A0-4FDC-943B-734614401581}.Debug|Any CPU.ActiveCfg = Debug|Any CPU
		{8D84B867-A8A0-4FDC-943B-734614401581}.Debug|Any CPU.Build.0 = Debug|Any CPU
		{8D84B867-A8A0-4FDC-943B-734614401581}.Release|Any CPU.ActiveCfg = Release|Any CPU
		{8D84B867-A8A0-4FDC-943B-734614401581}.Release|Any CPU.Build.0 = Release|Any CPU
		{02DAEEC3-DB7B-4362-A6C6-B58360423CC8}.Debug|Any CPU.ActiveCfg = Debug|Any CPU
		{02DAEEC3-DB7B-4362-A6C6-B58360423CC8}.Debug|Any CPU.Build.0 = Debug|Any CPU
		{02DAEEC3-DB7B-4362-A6C6-B58360423CC8}.Release|Any CPU.ActiveCfg = Release|Any CPU
		{02DAEEC3-DB7B-4362-A6C6-B58360423CC8}.Release|Any CPU.Build.0 = Release|Any CPU
	EndGlobalSection
	GlobalSection(SolutionProperties) = preSolution
		HideSolutionNode = FALSE
	EndGlobalSection
	GlobalSection(ExtensibilityGlobals) = postSolution
		SolutionGuid = {342EED1C-708B-4C9B-8B4C-61E317D5F8EF}
	EndGlobalSection
EndGlobal
