
Microsoft Visual Studio Solution File, Format Version 12.00
# Visual Studio 15
VisualStudioVersion = 15.0.28010.2041
MinimumVisualStudioVersion = 10.0.40219.1
Project("{FAE04EC0-301F-11D3-BF4B-00C04F79EFBC}") = "Minuteur", "Minuteur\Minuteur.csproj", "{4B032421-0198-4FBF-8F41-781A12941797}"
EndProject
Project("{FAE04EC0-301F-11D3-BF4B-00C04F79EFBC}") = "TestInterfaceFraiche", "TestInterfaceFraiche\TestInterfaceFraiche.csproj", "{472FF11D-5973-4909-B633-C97AD80EAD6F}"
EndProject
Project("{FAE04EC0-301F-11D3-BF4B-00C04F79EFBC}") = "Recherche_Ville_chargement_CSV", "Recherche_Ville_chargement_CSV\Recherche_Ville_chargement_CSV.csproj", "{36701D05-B7F2-479A-B377-030B71E5B0F6}"
EndProject
Global
	GlobalSection(SolutionConfigurationPlatforms) = preSolution
		Debug|Any CPU = Debug|Any CPU
		Release|Any CPU = Release|Any CPU
	EndGlobalSection
	GlobalSection(ProjectConfigurationPlatforms) = postSolution
		{4B032421-0198-4FBF-8F41-781A12941797}.Debug|Any CPU.ActiveCfg = Debug|Any CPU
		{4B032421-0198-4FBF-8F41-781A12941797}.Debug|Any CPU.Build.0 = Debug|Any CPU
		{4B032421-0198-4FBF-8F41-781A12941797}.Release|Any CPU.ActiveCfg = Release|Any CPU
		{4B032421-0198-4FBF-8F41-781A12941797}.Release|Any CPU.Build.0 = Release|Any CPU
		{472FF11D-5973-4909-B633-C97AD80EAD6F}.Debug|Any CPU.ActiveCfg = Debug|Any CPU
		{472FF11D-5973-4909-B633-C97AD80EAD6F}.Debug|Any CPU.Build.0 = Debug|Any CPU
		{472FF11D-5973-4909-B633-C97AD80EAD6F}.Release|Any CPU.ActiveCfg = Release|Any CPU
		{472FF11D-5973-4909-B633-C97AD80EAD6F}.Release|Any CPU.Build.0 = Release|Any CPU
		{36701D05-B7F2-479A-B377-030B71E5B0F6}.Debug|Any CPU.ActiveCfg = Debug|Any CPU
		{36701D05-B7F2-479A-B377-030B71E5B0F6}.Debug|Any CPU.Build.0 = Debug|Any CPU
		{36701D05-B7F2-479A-B377-030B71E5B0F6}.Release|Any CPU.ActiveCfg = Release|Any CPU
		{36701D05-B7F2-479A-B377-030B71E5B0F6}.Release|Any CPU.Build.0 = Release|Any CPU
	EndGlobalSection
	GlobalSection(SolutionProperties) = preSolution
		HideSolutionNode = FALSE
	EndGlobalSection
	GlobalSection(ExtensibilityGlobals) = postSolution
		SolutionGuid = {1D9A2E70-B0F3-4574-87E8-D437CF250383}
	EndGlobalSection
EndGlobal
