
Microsoft Visual Studio Solution File, Format Version 12.00
# Visual Studio 15
VisualStudioVersion = 15.0.28010.2041
MinimumVisualStudioVersion = 10.0.40219.1
Project("{FAE04EC0-301F-11D3-BF4B-00C04F79EFBC}") = "Start_WF", "Start_WF\Start_WF.csproj", "{B6CEC9D7-CFE7-4E86-8FEE-9DAB68A46161}"
EndProject
Project("{FAE04EC0-301F-11D3-BF4B-00C04F79EFBC}") = "Game_Voiture", "Game_Voiture\Game_Voiture.csproj", "{A0A1D892-5614-4831-9008-8FE54C4BE809}"
EndProject
Global
	GlobalSection(SolutionConfigurationPlatforms) = preSolution
		Debug|Any CPU = Debug|Any CPU
		Release|Any CPU = Release|Any CPU
	EndGlobalSection
	GlobalSection(ProjectConfigurationPlatforms) = postSolution
		{B6CEC9D7-CFE7-4E86-8FEE-9DAB68A46161}.Debug|Any CPU.ActiveCfg = Debug|Any CPU
		{B6CEC9D7-CFE7-4E86-8FEE-9DAB68A46161}.Debug|Any CPU.Build.0 = Debug|Any CPU
		{B6CEC9D7-CFE7-4E86-8FEE-9DAB68A46161}.Release|Any CPU.ActiveCfg = Release|Any CPU
		{B6CEC9D7-CFE7-4E86-8FEE-9DAB68A46161}.Release|Any CPU.Build.0 = Release|Any CPU
		{A0A1D892-5614-4831-9008-8FE54C4BE809}.Debug|Any CPU.ActiveCfg = Debug|Any CPU
		{A0A1D892-5614-4831-9008-8FE54C4BE809}.Debug|Any CPU.Build.0 = Debug|Any CPU
		{A0A1D892-5614-4831-9008-8FE54C4BE809}.Release|Any CPU.ActiveCfg = Release|Any CPU
		{A0A1D892-5614-4831-9008-8FE54C4BE809}.Release|Any CPU.Build.0 = Release|Any CPU
	EndGlobalSection
	GlobalSection(SolutionProperties) = preSolution
		HideSolutionNode = FALSE
	EndGlobalSection
	GlobalSection(ExtensibilityGlobals) = postSolution
		SolutionGuid = {8AE3346A-0F67-4975-803B-C4C041C5EE8B}
	EndGlobalSection
EndGlobal
