
Microsoft Visual Studio Solution File, Format Version 12.00
# Visual Studio 15
VisualStudioVersion = 15.0.28010.2041
MinimumVisualStudioVersion = 10.0.40219.1
Project("{FAE04EC0-301F-11D3-BF4B-00C04F79EFBC}") = "degraderRectangle", "degraderRectangle\degraderRectangle.csproj", "{F8574ABA-8CF6-4729-9153-A0B582CDED5E}"
EndProject
Project("{FAE04EC0-301F-11D3-BF4B-00C04F79EFBC}") = "Horloge", "Horloge\Horloge.csproj", "{7901B4A0-3D49-4F98-A800-6D314F1B12D3}"
EndProject
Global
	GlobalSection(SolutionConfigurationPlatforms) = preSolution
		Debug|Any CPU = Debug|Any CPU
		Release|Any CPU = Release|Any CPU
	EndGlobalSection
	GlobalSection(ProjectConfigurationPlatforms) = postSolution
		{F8574ABA-8CF6-4729-9153-A0B582CDED5E}.Debug|Any CPU.ActiveCfg = Debug|Any CPU
		{F8574ABA-8CF6-4729-9153-A0B582CDED5E}.Debug|Any CPU.Build.0 = Debug|Any CPU
		{F8574ABA-8CF6-4729-9153-A0B582CDED5E}.Release|Any CPU.ActiveCfg = Release|Any CPU
		{F8574ABA-8CF6-4729-9153-A0B582CDED5E}.Release|Any CPU.Build.0 = Release|Any CPU
		{7901B4A0-3D49-4F98-A800-6D314F1B12D3}.Debug|Any CPU.ActiveCfg = Debug|Any CPU
		{7901B4A0-3D49-4F98-A800-6D314F1B12D3}.Debug|Any CPU.Build.0 = Debug|Any CPU
		{7901B4A0-3D49-4F98-A800-6D314F1B12D3}.Release|Any CPU.ActiveCfg = Release|Any CPU
		{7901B4A0-3D49-4F98-A800-6D314F1B12D3}.Release|Any CPU.Build.0 = Release|Any CPU
	EndGlobalSection
	GlobalSection(SolutionProperties) = preSolution
		HideSolutionNode = FALSE
	EndGlobalSection
	GlobalSection(ExtensibilityGlobals) = postSolution
		SolutionGuid = {65481709-6722-44C5-8C57-A2A15542F8AB}
	EndGlobalSection
EndGlobal
