
Microsoft Visual Studio Solution File, Format Version 12.00
# Visual Studio 15
VisualStudioVersion = 15.0.28010.2041
MinimumVisualStudioVersion = 10.0.40219.1
Project("{FAE04EC0-301F-11D3-BF4B-00C04F79EFBC}") = "SpaceInvadersWF1", "SpaceInvadersWF1\SpaceInvadersWF1.csproj", "{6A507BDF-9F08-4B79-B2F7-5C4240825E79}"
EndProject
Global
	GlobalSection(SolutionConfigurationPlatforms) = preSolution
		Debug|Any CPU = Debug|Any CPU
		Release|Any CPU = Release|Any CPU
	EndGlobalSection
	GlobalSection(ProjectConfigurationPlatforms) = postSolution
		{6A507BDF-9F08-4B79-B2F7-5C4240825E79}.Debug|Any CPU.ActiveCfg = Debug|Any CPU
		{6A507BDF-9F08-4B79-B2F7-5C4240825E79}.Debug|Any CPU.Build.0 = Debug|Any CPU
		{6A507BDF-9F08-4B79-B2F7-5C4240825E79}.Release|Any CPU.ActiveCfg = Release|Any CPU
		{6A507BDF-9F08-4B79-B2F7-5C4240825E79}.Release|Any CPU.Build.0 = Release|Any CPU
	EndGlobalSection
	GlobalSection(SolutionProperties) = preSolution
		HideSolutionNode = FALSE
	EndGlobalSection
	GlobalSection(ExtensibilityGlobals) = postSolution
		SolutionGuid = {4E7D6A68-4F54-480D-86B8-29FEAE142AD9}
	EndGlobalSection
EndGlobal
